
Microsoft Visual Studio Solution File, Format Version 12.00
# Visual Studio Version 17
VisualStudioVersion = 17.8.34330.188
MinimumVisualStudioVersion = 10.0.40219.1
Project("{FAE04EC0-301F-11D3-BF4B-00C04F79EFBC}") = "WorkshopAula01Exercicio02", "WorkshopAula01Exercicio02\WorkshopAula01Exercicio02.csproj", "{8799F53C-4D2B-4A3F-976D-8791F30DCA2D}"
EndProject
Global
	GlobalSection(SolutionConfigurationPlatforms) = preSolution
		Debug|Any CPU = Debug|Any CPU
		Release|Any CPU = Release|Any CPU
	EndGlobalSection
	GlobalSection(ProjectConfigurationPlatforms) = postSolution
		{8799F53C-4D2B-4A3F-976D-8791F30DCA2D}.Debug|Any CPU.ActiveCfg = Debug|Any CPU
		{8799F53C-4D2B-4A3F-976D-8791F30DCA2D}.Debug|Any CPU.Build.0 = Debug|Any CPU
		{8799F53C-4D2B-4A3F-976D-8791F30DCA2D}.Release|Any CPU.ActiveCfg = Release|Any CPU
		{8799F53C-4D2B-4A3F-976D-8791F30DCA2D}.Release|Any CPU.Build.0 = Release|Any CPU
	EndGlobalSection
	GlobalSection(SolutionProperties) = preSolution
		HideSolutionNode = FALSE
	EndGlobalSection
	GlobalSection(ExtensibilityGlobals) = postSolution
		SolutionGuid = {A99AA298-A996-4549-8E11-0AB414693FC1}
	EndGlobalSection
EndGlobal
